
Microsoft Visual Studio Solution File, Format Version 12.00
# Visual Studio Version 17
VisualStudioVersion = 17.7.34018.315
MinimumVisualStudioVersion = 10.0.40219.1
Project("{FAE04EC0-301F-11D3-BF4B-00C04F79EFBC}") = "WebApi", "WebApi\WebApi.csproj", "{829F2296-4CBD-4A88-AB2D-C7235AB090FA}"
EndProject
Project("{FAE04EC0-301F-11D3-BF4B-00C04F79EFBC}") = "Persistence", "Persistence\Persistence.csproj", "{8A5180C9-2F11-4D0A-87DD-020987DFEC4C}"
EndProject
Project("{FAE04EC0-301F-11D3-BF4B-00C04F79EFBC}") = "Domain", "Domain\Domain.csproj", "{32D91DB8-3C32-4EA5-8376-F8735C90950D}"
EndProject
Project("{FAE04EC0-301F-11D3-BF4B-00C04F79EFBC}") = "Application", "Application\Application.csproj", "{230A55AD-A808-4316-A9CD-CB76A2991F47}"
EndProject
Project("{FAE04EC0-301F-11D3-BF4B-00C04F79EFBC}") = "Infrastructure", "Infrastructure\Infrastructure.csproj", "{78522994-CF1A-4BDB-81E9-710CC5C78CAD}"
EndProject
Global
	GlobalSection(SolutionConfigurationPlatforms) = preSolution
		Debug|Any CPU = Debug|Any CPU
		Release|Any CPU = Release|Any CPU
	EndGlobalSection
	GlobalSection(ProjectConfigurationPlatforms) = postSolution
		{829F2296-4CBD-4A88-AB2D-C7235AB090FA}.Debug|Any CPU.ActiveCfg = Debug|Any CPU
		{829F2296-4CBD-4A88-AB2D-C7235AB090FA}.Debug|Any CPU.Build.0 = Debug|Any CPU
		{829F2296-4CBD-4A88-AB2D-C7235AB090FA}.Release|Any CPU.ActiveCfg = Release|Any CPU
		{829F2296-4CBD-4A88-AB2D-C7235AB090FA}.Release|Any CPU.Build.0 = Release|Any CPU
		{8A5180C9-2F11-4D0A-87DD-020987DFEC4C}.Debug|Any CPU.ActiveCfg = Debug|Any CPU
		{8A5180C9-2F11-4D0A-87DD-020987DFEC4C}.Debug|Any CPU.Build.0 = Debug|Any CPU
		{8A5180C9-2F11-4D0A-87DD-020987DFEC4C}.Release|Any CPU.ActiveCfg = Release|Any CPU
		{8A5180C9-2F11-4D0A-87DD-020987DFEC4C}.Release|Any CPU.Build.0 = Release|Any CPU
		{32D91DB8-3C32-4EA5-8376-F8735C90950D}.Debug|Any CPU.ActiveCfg = Debug|Any CPU
		{32D91DB8-3C32-4EA5-8376-F8735C90950D}.Debug|Any CPU.Build.0 = Debug|Any CPU
		{32D91DB8-3C32-4EA5-8376-F8735C90950D}.Release|Any CPU.ActiveCfg = Release|Any CPU
		{32D91DB8-3C32-4EA5-8376-F8735C90950D}.Release|Any CPU.Build.0 = Release|Any CPU
		{230A55AD-A808-4316-A9CD-CB76A2991F47}.Debug|Any CPU.ActiveCfg = Debug|Any CPU
		{230A55AD-A808-4316-A9CD-CB76A2991F47}.Debug|Any CPU.Build.0 = Debug|Any CPU
		{230A55AD-A808-4316-A9CD-CB76A2991F47}.Release|Any CPU.ActiveCfg = Release|Any CPU
		{230A55AD-A808-4316-A9CD-CB76A2991F47}.Release|Any CPU.Build.0 = Release|Any CPU
		{78522994-CF1A-4BDB-81E9-710CC5C78CAD}.Debug|Any CPU.ActiveCfg = Debug|Any CPU
		{78522994-CF1A-4BDB-81E9-710CC5C78CAD}.Debug|Any CPU.Build.0 = Debug|Any CPU
		{78522994-CF1A-4BDB-81E9-710CC5C78CAD}.Release|Any CPU.ActiveCfg = Release|Any CPU
		{78522994-CF1A-4BDB-81E9-710CC5C78CAD}.Release|Any CPU.Build.0 = Release|Any CPU
	EndGlobalSection
	GlobalSection(SolutionProperties) = preSolution
		HideSolutionNode = FALSE
	EndGlobalSection
	GlobalSection(ExtensibilityGlobals) = postSolution
		SolutionGuid = {76CADAB1-18FB-42B2-BC89-6FC411442512}
	EndGlobalSection
EndGlobal
